# THIS IS AN AUTOGENERATED FILE. DO NOT EDIT THIS FILE DIRECTLY.
# yarn lockfile v1


"@ckeditor/ckeditor5-core@^19.0.0":
  version "19.0.0"
  resolved "https://registry.yarnpkg.com/@ckeditor/ckeditor5-core/-/ckeditor5-core-19.0.0.tgz#382769a16c12f3912e853326412e7ae5799e0cf6"
  integrity sha512-uzP2ytmw4Fu1YlhjBBK1nqLaTqoFUGcYmYxCzgV5sDlm3RqLjNRGqFLN2v/dvNKp/6nZYbUn8g9GD/XBzdhZng==
  dependencies:
    "@ckeditor/ckeditor5-engine" "^19.0.0"
    "@ckeditor/ckeditor5-utils" "^19.0.0"
    lodash-es "^4.17.10"

"@ckeditor/ckeditor5-engine@^19.0.0":
  version "19.0.0"
  resolved "https://registry.yarnpkg.com/@ckeditor/ckeditor5-engine/-/ckeditor5-engine-19.0.0.tgz#3246193c8d5a47496e888064250303085ecaad3c"
  integrity sha512-Ahgr/NKJOIwNZZ2rZZTQUO5iJkgytossmK7CrRUeyGiEol/9GmyTOXtrmqItITebZV5wMe+UVM8bR6HJD/4TJw==
  dependencies:
    "@ckeditor/ckeditor5-utils" "^19.0.0"
    lodash-es "^4.17.10"

"@ckeditor/ckeditor5-ui@^19.0.0":
  version "19.0.0"
  resolved "https://registry.yarnpkg.com/@ckeditor/ckeditor5-ui/-/ckeditor5-ui-19.0.0.tgz#4c8f65c182cea8b435f17b69db50cfdb769e607e"
  integrity sha512-8hdkVgqFbDSE3PyOi9rk9bbdqAjpiO7w6n1Zrm9/3gtwGLaTAg0soY/zM2QWF/oDjvzXypUK4ATSUjKC841fxQ==
  dependencies:
    "@ckeditor/ckeditor5-core" "^19.0.0"
    "@ckeditor/ckeditor5-utils" "^19.0.0"
    lodash-es "^4.17.10"

"@ckeditor/ckeditor5-upload@^19.0.0":
  version "19.0.0"
  resolved "https://registry.yarnpkg.com/@ckeditor/ckeditor5-upload/-/ckeditor5-upload-19.0.0.tgz#a2741d0b5858c108ef3ce2c68235930704830eb8"
  integrity sha512-6kOLFXQA6wjNibZIAQDUK0zOBfrqZrhwl2OoStlF4bq4LqVELcB4RDLyNsEAcZbBMyNCdupEQRG83tJ3Ms1Ozg==
  dependencies:
    "@ckeditor/ckeditor5-core" "^19.0.0"
    "@ckeditor/ckeditor5-ui" "^19.0.0"
    "@ckeditor/ckeditor5-utils" "^19.0.0"

"@ckeditor/ckeditor5-utils@^19.0.0":
  version "19.0.0"
  resolved "https://registry.yarnpkg.com/@ckeditor/ckeditor5-utils/-/ckeditor5-utils-19.0.0.tgz#b7faa5d037c5fd69d31dd8a9bb7b295c017aa474"
  integrity sha512-6/oTD1qi/VCj99+3rmagH0sctQcbyCU3hZ4L1xcR3+xJMAkavSLJ4vbcBrmtZDcgyW74XDnVJ84CKf9WJ4WoUw==
  dependencies:
    lodash-es "^4.17.10"

lodash-es@^4.17.10:
  version "4.17.15"
  resolved "https://registry.yarnpkg.com/lodash-es/-/lodash-es-4.17.15.tgz#21bd96839354412f23d7a10340e5eac6ee455d78"
  integrity sha512-rlrc3yU3+JNOpZ9zj5pQtxnx2THmvRykwL4Xlxoa8I9lHBlVbbyPhgyPMioxVZ4NqyxaVVtaJnzsyOidQIhyyQ==
